
Microsoft Visual Studio Solution File, Format Version 12.00
# Visual Studio Version 17
VisualStudioVersion = 17.11.35222.181
MinimumVisualStudioVersion = 10.0.40219.1
Project("{9A19103F-16F7-4668-BE54-9A1E7A4F7556}") = "Momentum.Api", "src\Momentum.Api\Momentum.Api.csproj", "{965D0C71-C2F6-4148-9F98-8AAE010E6BBE}"
EndProject
Project("{9A19103F-16F7-4668-BE54-9A1E7A4F7556}") = "Momentum.Domain", "src\Momentum.Domain\Momentum.Domain.csproj", "{C1D5A3E8-4B29-4F6D-9A17-52E80B6C3D41}"
EndProject
Project("{9A19103F-16F7-4668-BE54-9A1E7A4F7556}") = "Momentum.Application", "src\Momentum.Application\Momentum.Application.csproj", "{E7F2B9C4-8D31-46A5-B2E9-90A4C7D5F162}"
EndProject
Project("{9A19103F-16F7-4668-BE54-9A1E7A4F7556}") = "Momentum.Infrastructure", "src\Momentum.Infrastructure\Momentum.Infrastructure.csproj", "{7DF4C552-BB76-4370-BEDF-2330BE2FFE7D}"
EndProject
Project("{9A19103F-16F7-4668-BE54-9A1E7A4F7556}") = "Momentum.IntegrationTests", "tests\Momentum.IntegrationTests\Momentum.IntegrationTests.csproj", "{FF5B0A2E-AD3F-469D-BE7E-FD012C51DAA6}"
EndProject
Project("{9A19103F-16F7-4668-BE54-9A1E7A4F7556}") = "Momentum.UnitTests", "tests\Momentum.UnitTests\Momentum.UnitTests.csproj", "{8A065A12-BE6B-44BC-B098-A641EAB41192}"
EndProject
Global
	GlobalSection(SolutionConfigurationPlatforms) = preSolution
		Debug|Any CPU = Debug|Any CPU
		Release|Any CPU = Release|Any CPU
	EndGlobalSection
	GlobalSection(ProjectConfigurationPlatforms) = postSolution
		{965D0C71-C2F6-4148-9F98-8AAE010E6BBE}.Debug|Any CPU.ActiveCfg = Debug|Any CPU
		{965D0C71-C2F6-4148-9F98-8AAE010E6BBE}.Debug|Any CPU.Build.0 = Debug|Any CPU
		{965D0C71-C2F6-4148-9F98-8AAE010E6BBE}.Release|Any CPU.ActiveCfg = Release|Any CPU
		{965D0C71-C2F6-4148-9F98-8AAE010E6BBE}.Release|Any CPU.Build.0 = Release|Any CPU
		{C1D5A3E8-4B29-4F6D-9A17-52E80B6C3D41}.Debug|Any CPU.ActiveCfg = Debug|Any CPU
		{C1D5A3E8-4B29-4F6D-9A17-52E80B6C3D41}.Debug|Any CPU.Build.0 = Debug|Any CPU
		{C1D5A3E8-4B29-4F6D-9A17-52E80B6C3D41}.Release|Any CPU.ActiveCfg = Release|Any CPU
		{C1D5A3E8-4B29-4F6D-9A17-52E80B6C3D41}.Release|Any CPU.Build.0 = Release|Any CPU
		{E7F2B9C4-8D31-46A5-B2E9-90A4C7D5F162}.Debug|Any CPU.ActiveCfg = Debug|Any CPU
		{E7F2B9C4-8D31-46A5-B2E9-90A4C7D5F162}.Debug|Any CPU.Build.0 = Debug|Any CPU
		{E7F2B9C4-8D31-46A5-B2E9-90A4C7D5F162}.Release|Any CPU.ActiveCfg = Release|Any CPU
		{E7F2B9C4-8D31-46A5-B2E9-90A4C7D5F162}.Release|Any CPU.Build.0 = Release|Any CPU
		{7DF4C552-BB76-4370-BEDF-2330BE2FFE7D}.Debug|Any CPU.ActiveCfg = Debug|Any CPU
		{7DF4C552-BB76-4370-BEDF-2330BE2FFE7D}.Debug|Any CPU.Build.0 = Debug|Any CPU
		{7DF4C552-BB76-4370-BEDF-2330BE2FFE7D}.Release|Any CPU.ActiveCfg = Release|Any CPU
		{7DF4C552-BB76-4370-BEDF-2330BE2FFE7D}.Release|Any CPU.Build.0 = Release|Any CPU
		{FF5B0A2E-AD3F-469D-BE7E-FD012C51DAA6}.Debug|Any CPU.ActiveCfg = Debug|Any CPU
		{FF5B0A2E-AD3F-469D-BE7E-FD012C51DAA6}.Debug|Any CPU.Build.0 = Debug|Any CPU
		{FF5B0A2E-AD3F-469D-BE7E-FD012C51DAA6}.Release|Any CPU.ActiveCfg = Release|Any CPU
		{FF5B0A2E-AD3F-469D-BE7E-FD012C51DAA6}.Release|Any CPU.Build.0 = Release|Any CPU
		{8A065A12-BE6B-44BC-B098-A641EAB41192}.Debug|Any CPU.ActiveCfg = Debug|Any CPU
		{8A065A12-BE6B-44BC-B098-A641EAB41192}.Debug|Any CPU.Build.0 = Debug|Any CPU
		{8A065A12-BE6B-44BC-B098-A641EAB41192}.Release|Any CPU.ActiveCfg = Release|Any CPU
		{8A065A12-BE6B-44BC-B098-A641EAB41192}.Release|Any CPU.Build.0 = Release|Any CPU
	EndGlobalSection
	GlobalSection(SolutionProperties) = preSolution
		HideSolutionNode = FALSE
	EndGlobalSection
EndGlobal
